// !$*UTF8*$!
{
	archiveVersion = 1;
	classes = {
	};
	objectVersion = 55;
	objects = {

/* Begin PBXBuildFile section */
		65F17A6A27C0310900CD65FC /* Tests_iOS.swift in Sources */ = {isa = PBXBuildFile; fileRef = 65F17A6927C0310900CD65FC /* Tests_iOS.swift */; };
		65F17A6C27C0310900CD65FC /* Tests_iOSLaunchTests.swift in Sources */ = {isa = PBXBuildFile; fileRef = 65F17A6B27C0310900CD65FC /* Tests_iOSLaunchTests.swift */; };
		65F17A7627C0310900CD65FC /* Tests_macOS.swift in Sources */ = {isa = PBXBuildFile; fileRef = 65F17A7527C0310900CD65FC /* Tests_macOS.swift */; };
		65F17A7827C0310900CD65FC /* Tests_macOSLaunchTests.swift in Sources */ = {isa = PBXBuildFile; fileRef = 65F17A7727C0310900CD65FC /* Tests_macOSLaunchTests.swift */; };
		65F17A7927C0310900CD65FC /* _D_Schrodinger_EquationApp.swift in Sources */ = {isa = PBXBuildFile; fileRef = 65F17A5127C0310700CD65FC /* _D_Schrodinger_EquationApp.swift */; };
		65F17A7A27C0310900CD65FC /* _D_Schrodinger_EquationApp.swift in Sources */ = {isa = PBXBuildFile; fileRef = 65F17A5127C0310700CD65FC /* _D_Schrodinger_EquationApp.swift */; };
		65F17A7B27C0310900CD65FC /* ContentView.swift in Sources */ = {isa = PBXBuildFile; fileRef = 65F17A5227C0310700CD65FC /* ContentView.swift */; };
		65F17A7C27C0310900CD65FC /* ContentView.swift in Sources */ = {isa = PBXBuildFile; fileRef = 65F17A5227C0310700CD65FC /* ContentView.swift */; };
		65F17A7D27C0310900CD65FC /* Assets.xcassets in Resources */ = {isa = PBXBuildFile; fileRef = 65F17A5327C0310900CD65FC /* Assets.xcassets */; };
		65F17A7E27C0310900CD65FC /* Assets.xcassets in Resources */ = {isa = PBXBuildFile; fileRef = 65F17A5327C0310900CD65FC /* Assets.xcassets */; };
		65F17A8E27C0315E00CD65FC /* SchrodingerSolver.swift in Sources */ = {isa = PBXBuildFile; fileRef = 65F17A8D27C0315E00CD65FC /* SchrodingerSolver.swift */; };
		65F17A8F27C0315E00CD65FC /* SchrodingerSolver.swift in Sources */ = {isa = PBXBuildFile; fileRef = 65F17A8D27C0315E00CD65FC /* SchrodingerSolver.swift */; };
		65F17A9227C031DF00CD65FC /* CorePlot in Frameworks */ = {isa = PBXBuildFile; productRef = 65F17A9127C031DF00CD65FC /* CorePlot */; };
		65F17A9527C031EA00CD65FC /* CorePlot in Frameworks */ = {isa = PBXBuildFile; productRef = 65F17A9427C031EA00CD65FC /* CorePlot */; };
		65F17A9727C0324F00CD65FC /* PlotClass.swift in Sources */ = {isa = PBXBuildFile; fileRef = 65F17A9627C0324F00CD65FC /* PlotClass.swift */; };
		65F17A9827C0324F00CD65FC /* PlotClass.swift in Sources */ = {isa = PBXBuildFile; fileRef = 65F17A9627C0324F00CD65FC /* PlotClass.swift */; };
		65F17A9A27C0325B00CD65FC /* PlotDataClass.swift in Sources */ = {isa = PBXBuildFile; fileRef = 65F17A9927C0325B00CD65FC /* PlotDataClass.swift */; };
		65F17A9B27C0325B00CD65FC /* PlotDataClass.swift in Sources */ = {isa = PBXBuildFile; fileRef = 65F17A9927C0325B00CD65FC /* PlotDataClass.swift */; };
		65F17A9D27C0326D00CD65FC /* CorePlot.swift in Sources */ = {isa = PBXBuildFile; fileRef = 65F17A9C27C0326D00CD65FC /* CorePlot.swift */; };
		65F17A9E27C0326D00CD65FC /* CorePlot.swift in Sources */ = {isa = PBXBuildFile; fileRef = 65F17A9C27C0326D00CD65FC /* CorePlot.swift */; };
		65F17AA027C0328700CD65FC /* CalculatePlotData.swift in Sources */ = {isa = PBXBuildFile; fileRef = 65F17A9F27C0328700CD65FC /* CalculatePlotData.swift */; };
		65F17AA127C0328700CD65FC /* CalculatePlotData.swift in Sources */ = {isa = PBXBuildFile; fileRef = 65F17A9F27C0328700CD65FC /* CalculatePlotData.swift */; };
		65F17AA327C0329800CD65FC /* ChangingPlotParameters.swift in Sources */ = {isa = PBXBuildFile; fileRef = 65F17AA227C0329800CD65FC /* ChangingPlotParameters.swift */; };
		65F17AA427C0329800CD65FC /* ChangingPlotParameters.swift in Sources */ = {isa = PBXBuildFile; fileRef = 65F17AA227C0329800CD65FC /* ChangingPlotParameters.swift */; };
		65F17AA927C05B0D00CD65FC /* OneDPotentials.swift in Sources */ = {isa = PBXBuildFile; fileRef = 65F17AA827C05B0D00CD65FC /* OneDPotentials.swift */; };
		65F17AAA27C05B0D00CD65FC /* OneDPotentials.swift in Sources */ = {isa = PBXBuildFile; fileRef = 65F17AA827C05B0D00CD65FC /* OneDPotentials.swift */; };
/* End PBXBuildFile section */

/* Begin PBXContainerItemProxy section */
		65F17A6627C0310900CD65FC /* PBXContainerItemProxy */ = {
			isa = PBXContainerItemProxy;
			containerPortal = 65F17A4C27C0310700CD65FC /* Project object */;
			proxyType = 1;
			remoteGlobalIDString = 65F17A5727C0310900CD65FC;
			remoteInfo = "1D-Schrodinger-Equation (iOS)";
		};
		65F17A7227C0310900CD65FC /* PBXContainerItemProxy */ = {
			isa = PBXContainerItemProxy;
			containerPortal = 65F17A4C27C0310700CD65FC /* Project object */;
			proxyType = 1;
			remoteGlobalIDString = 65F17A5D27C0310900CD65FC;
			remoteInfo = "1D-Schrodinger-Equation (macOS)";
		};
/* End PBXContainerItemProxy section */

/* Begin PBXFileReference section */
		65F17A5127C0310700CD65FC /* _D_Schrodinger_EquationApp.swift */ = {isa = PBXFileReference; lastKnownFileType = sourcecode.swift; path = _D_Schrodinger_EquationApp.swift; sourceTree = "<group>"; };
		65F17A5227C0310700CD65FC /* ContentView.swift */ = {isa = PBXFileReference; lastKnownFileType = sourcecode.swift; path = ContentView.swift; sourceTree = "<group>"; };
		65F17A5327C0310900CD65FC /* Assets.xcassets */ = {isa = PBXFileReference; lastKnownFileType = folder.assetcatalog; path = Assets.xcassets; sourceTree = "<group>"; };
		65F17A5827C0310900CD65FC /* 1D-Schrodinger-Equation.app */ = {isa = PBXFileReference; explicitFileType = wrapper.application; includeInIndex = 0; path = "1D-Schrodinger-Equation.app"; sourceTree = BUILT_PRODUCTS_DIR; };
		65F17A5E27C0310900CD65FC /* 1D-Schrodinger-Equation.app */ = {isa = PBXFileReference; explicitFileType = wrapper.application; includeInIndex = 0; path = "1D-Schrodinger-Equation.app"; sourceTree = BUILT_PRODUCTS_DIR; };
		65F17A6027C0310900CD65FC /* macOS.entitlements */ = {isa = PBXFileReference; lastKnownFileType = text.plist.entitlements; path = macOS.entitlements; sourceTree = "<group>"; };
		65F17A6527C0310900CD65FC /* Tests iOS.xctest */ = {isa = PBXFileReference; explicitFileType = wrapper.cfbundle; includeInIndex = 0; path = "Tests iOS.xctest"; sourceTree = BUILT_PRODUCTS_DIR; };
		65F17A6927C0310900CD65FC /* Tests_iOS.swift */ = {isa = PBXFileReference; lastKnownFileType = sourcecode.swift; path = Tests_iOS.swift; sourceTree = "<group>"; };
		65F17A6B27C0310900CD65FC /* Tests_iOSLaunchTests.swift */ = {isa = PBXFileReference; lastKnownFileType = sourcecode.swift; path = Tests_iOSLaunchTests.swift; sourceTree = "<group>"; };
		65F17A7127C0310900CD65FC /* Tests macOS.xctest */ = {isa = PBXFileReference; explicitFileType = wrapper.cfbundle; includeInIndex = 0; path = "Tests macOS.xctest"; sourceTree = BUILT_PRODUCTS_DIR; };
		65F17A7527C0310900CD65FC /* Tests_macOS.swift */ = {isa = PBXFileReference; lastKnownFileType = sourcecode.swift; path = Tests_macOS.swift; sourceTree = "<group>"; };
		65F17A7727C0310900CD65FC /* Tests_macOSLaunchTests.swift */ = {isa = PBXFileReference; lastKnownFileType = sourcecode.swift; path = Tests_macOSLaunchTests.swift; sourceTree = "<group>"; };
		65F17A8D27C0315E00CD65FC /* SchrodingerSolver.swift */ = {isa = PBXFileReference; lastKnownFileType = sourcecode.swift; path = SchrodingerSolver.swift; sourceTree = "<group>"; };
		65F17A9627C0324F00CD65FC /* PlotClass.swift */ = {isa = PBXFileReference; lastKnownFileType = sourcecode.swift; path = PlotClass.swift; sourceTree = "<group>"; };
		65F17A9927C0325B00CD65FC /* PlotDataClass.swift */ = {isa = PBXFileReference; lastKnownFileType = sourcecode.swift; path = PlotDataClass.swift; sourceTree = "<group>"; };
		65F17A9C27C0326D00CD65FC /* CorePlot.swift */ = {isa = PBXFileReference; lastKnownFileType = sourcecode.swift; path = CorePlot.swift; sourceTree = "<group>"; };
		65F17A9F27C0328700CD65FC /* CalculatePlotData.swift */ = {isa = PBXFileReference; lastKnownFileType = sourcecode.swift; path = CalculatePlotData.swift; sourceTree = "<group>"; };
		65F17AA227C0329800CD65FC /* ChangingPlotParameters.swift */ = {isa = PBXFileReference; lastKnownFileType = sourcecode.swift; path = ChangingPlotParameters.swift; sourceTree = "<group>"; };
		65F17AA827C05B0D00CD65FC /* OneDPotentials.swift */ = {isa = PBXFileReference; lastKnownFileType = sourcecode.swift; path = OneDPotentials.swift; sourceTree = "<group>"; };
/* End PBXFileReference section */

/* Begin PBXFrameworksBuildPhase section */
		65F17A5527C0310900CD65FC /* Frameworks */ = {
			isa = PBXFrameworksBuildPhase;
			buildActionMask = 2147483647;
			files = (
				65F17A9227C031DF00CD65FC /* CorePlot in Frameworks */,
			);
			runOnlyForDeploymentPostprocessing = 0;
		};
		65F17A5B27C0310900CD65FC /* Frameworks */ = {
			isa = PBXFrameworksBuildPhase;
			buildActionMask = 2147483647;
			files = (
				65F17A9527C031EA00CD65FC /* CorePlot in Frameworks */,
			);
			runOnlyForDeploymentPostprocessing = 0;
		};
		65F17A6227C0310900CD65FC /* Frameworks */ = {
			isa = PBXFrameworksBuildPhase;
			buildActionMask = 2147483647;
			files = (
			);
			runOnlyForDeploymentPostprocessing = 0;
		};
		65F17A6E27C0310900CD65FC /* Frameworks */ = {
			isa = PBXFrameworksBuildPhase;
			buildActionMask = 2147483647;
			files = (
			);
			runOnlyForDeploymentPostprocessing = 0;
		};
/* End PBXFrameworksBuildPhase section */

/* Begin PBXGroup section */
		65F17A4B27C0310700CD65FC = {
			isa = PBXGroup;
			children = (
				65F17A5027C0310700CD65FC /* Shared */,
				65F17A5F27C0310900CD65FC /* macOS */,
				65F17A6827C0310900CD65FC /* Tests iOS */,
				65F17A7427C0310900CD65FC /* Tests macOS */,
				65F17A5927C0310900CD65FC /* Products */,
				65F17A9327C031EA00CD65FC /* Frameworks */,
			);
			sourceTree = "<group>";
		};
		65F17A5027C0310700CD65FC /* Shared */ = {
			isa = PBXGroup;
			children = (
				65F17A5127C0310700CD65FC /* _D_Schrodinger_EquationApp.swift */,
				65F17A5227C0310700CD65FC /* ContentView.swift */,
				65F17A9627C0324F00CD65FC /* PlotClass.swift */,
				65F17A9927C0325B00CD65FC /* PlotDataClass.swift */,
				65F17A9C27C0326D00CD65FC /* CorePlot.swift */,
				65F17A9F27C0328700CD65FC /* CalculatePlotData.swift */,
				65F17AA227C0329800CD65FC /* ChangingPlotParameters.swift */,
				65F17A8D27C0315E00CD65FC /* SchrodingerSolver.swift */,
				65F17AA827C05B0D00CD65FC /* OneDPotentials.swift */,
				65F17A5327C0310900CD65FC /* Assets.xcassets */,
			);
			path = Shared;
			sourceTree = "<group>";
		};
		65F17A5927C0310900CD65FC /* Products */ = {
			isa = PBXGroup;
			children = (
				65F17A5827C0310900CD65FC /* 1D-Schrodinger-Equation.app */,
				65F17A5E27C0310900CD65FC /* 1D-Schrodinger-Equation.app */,
				65F17A6527C0310900CD65FC /* Tests iOS.xctest */,
				65F17A7127C0310900CD65FC /* Tests macOS.xctest */,
			);
			name = Products;
			sourceTree = "<group>";
		};
		65F17A5F27C0310900CD65FC /* macOS */ = {
			isa = PBXGroup;
			children = (
				65F17A6027C0310900CD65FC /* macOS.entitlements */,
			);
			path = macOS;
			sourceTree = "<group>";
		};
		65F17A6827C0310900CD65FC /* Tests iOS */ = {
			isa = PBXGroup;
			children = (
				65F17A6927C0310900CD65FC /* Tests_iOS.swift */,
				65F17A6B27C0310900CD65FC /* Tests_iOSLaunchTests.swift */,
			);
			path = "Tests iOS";
			sourceTree = "<group>";
		};
		65F17A7427C0310900CD65FC /* Tests macOS */ = {
			isa = PBXGroup;
			children = (
				65F17A7527C0310900CD65FC /* Tests_macOS.swift */,
				65F17A7727C0310900CD65FC /* Tests_macOSLaunchTests.swift */,
			);
			path = "Tests macOS";
			sourceTree = "<group>";
		};
		65F17A9327C031EA00CD65FC /* Frameworks */ = {
			isa = PBXGroup;
			children = (
			);
			name = Frameworks;
			sourceTree = "<group>";
		};
/* End PBXGroup section */

/* Begin PBXNativeTarget section */
		65F17A5727C0310900CD65FC /* 1D-Schrodinger-Equation (iOS) */ = {
			isa = PBXNativeTarget;
			buildConfigurationList = 65F17A8127C0310900CD65FC /* Build configuration list for PBXNativeTarget "1D-Schrodinger-Equation (iOS)" */;
			buildPhases = (
				65F17A5427C0310900CD65FC /* Sources */,
				65F17A5527C0310900CD65FC /* Frameworks */,
				65F17A5627C0310900CD65FC /* Resources */,
			);
			buildRules = (
			);
			dependencies = (
			);
			name = "1D-Schrodinger-Equation (iOS)";
			packageProductDependencies = (
				65F17A9127C031DF00CD65FC /* CorePlot */,
			);
			productName = "1D-Schrodinger-Equation (iOS)";
			productReference = 65F17A5827C0310900CD65FC /* 1D-Schrodinger-Equation.app */;
			productType = "com.apple.product-type.application";
		};
		65F17A5D27C0310900CD65FC /* 1D-Schrodinger-Equation (macOS) */ = {
			isa = PBXNativeTarget;
			buildConfigurationList = 65F17A8427C0310900CD65FC /* Build configuration list for PBXNativeTarget "1D-Schrodinger-Equation (macOS)" */;
			buildPhases = (
				65F17A5A27C0310900CD65FC /* Sources */,
				65F17A5B27C0310900CD65FC /* Frameworks */,
				65F17A5C27C0310900CD65FC /* Resources */,
			);
			buildRules = (
			);
			dependencies = (
			);
			name = "1D-Schrodinger-Equation (macOS)";
			packageProductDependencies = (
				65F17A9427C031EA00CD65FC /* CorePlot */,
			);
			productName = "1D-Schrodinger-Equation (macOS)";
			productReference = 65F17A5E27C0310900CD65FC /* 1D-Schrodinger-Equation.app */;
			productType = "com.apple.product-type.application";
		};
		65F17A6427C0310900CD65FC /* Tests iOS */ = {
			isa = PBXNativeTarget;
			buildConfigurationList = 65F17A8727C0310900CD65FC /* Build configuration list for PBXNativeTarget "Tests iOS" */;
			buildPhases = (
				65F17A6127C0310900CD65FC /* Sources */,
				65F17A6227C0310900CD65FC /* Frameworks */,
				65F17A6327C0310900CD65FC /* Resources */,
			);
			buildRules = (
			);
			dependencies = (
				65F17A6727C0310900CD65FC /* PBXTargetDependency */,
			);
			name = "Tests iOS";
			productName = "Tests iOS";
			productReference = 65F17A6527C0310900CD65FC /* Tests iOS.xctest */;
			productType = "com.apple.product-type.bundle.ui-testing";
		};
		65F17A7027C0310900CD65FC /* Tests macOS */ = {
			isa = PBXNativeTarget;
			buildConfigurationList = 65F17A8A27C0310900CD65FC /* Build configuration list for PBXNativeTarget "Tests macOS" */;
			buildPhases = (
				65F17A6D27C0310900CD65FC /* Sources */,
				65F17A6E27C0310900CD65FC /* Frameworks */,
				65F17A6F27C0310900CD65FC /* Resources */,
			);
			buildRules = (
			);
			dependencies = (
				65F17A7327C0310900CD65FC /* PBXTargetDependency */,
			);
			name = "Tests macOS";
			productName = "Tests macOS";
			productReference = 65F17A7127C0310900CD65FC /* Tests macOS.xctest */;
			productType = "com.apple.product-type.bundle.ui-testing";
		};
/* End PBXNativeTarget section */

/* Begin PBXProject section */
		65F17A4C27C0310700CD65FC /* Project object */ = {
			isa = PBXProject;
			attributes = {
				BuildIndependentTargetsInParallel = 1;
				LastSwiftUpdateCheck = 1320;
				LastUpgradeCheck = 1320;
				TargetAttributes = {
					65F17A5727C0310900CD65FC = {
						CreatedOnToolsVersion = 13.2.1;
					};
					65F17A5D27C0310900CD65FC = {
						CreatedOnToolsVersion = 13.2.1;
					};
					65F17A6427C0310900CD65FC = {
						CreatedOnToolsVersion = 13.2.1;
						TestTargetID = 65F17A5727C0310900CD65FC;
					};
					65F17A7027C0310900CD65FC = {
						CreatedOnToolsVersion = 13.2.1;
						TestTargetID = 65F17A5D27C0310900CD65FC;
					};
				};
			};
			buildConfigurationList = 65F17A4F27C0310700CD65FC /* Build configuration list for PBXProject "1D-Schrodinger-Equation" */;
			compatibilityVersion = "Xcode 13.0";
			developmentRegion = en;
			hasScannedForEncodings = 0;
			knownRegions = (
				en,
				Base,
			);
			mainGroup = 65F17A4B27C0310700CD65FC;
			packageReferences = (
				65F17A9027C031DF00CD65FC /* XCRemoteSwiftPackageReference "core-plot" */,
			);
			productRefGroup = 65F17A5927C0310900CD65FC /* Products */;
			projectDirPath = "";
			projectRoot = "";
			targets = (
				65F17A5727C0310900CD65FC /* 1D-Schrodinger-Equation (iOS) */,
				65F17A5D27C0310900CD65FC /* 1D-Schrodinger-Equation (macOS) */,
				65F17A6427C0310900CD65FC /* Tests iOS */,
				65F17A7027C0310900CD65FC /* Tests macOS */,
			);
		};
/* End PBXProject section */

/* Begin PBXResourcesBuildPhase section */
		65F17A5627C0310900CD65FC /* Resources */ = {
			isa = PBXResourcesBuildPhase;
			buildActionMask = 2147483647;
			files = (
				65F17A7D27C0310900CD65FC /* Assets.xcassets in Resources */,
			);
			runOnlyForDeploymentPostprocessing = 0;
		};
		65F17A5C27C0310900CD65FC /* Resources */ = {
			isa = PBXResourcesBuildPhase;
			buildActionMask = 2147483647;
			files = (
				65F17A7E27C0310900CD65FC /* Assets.xcassets in Resources */,
			);
			runOnlyForDeploymentPostprocessing = 0;
		};
		65F17A6327C0310900CD65FC /* Resources */ = {
			isa = PBXResourcesBuildPhase;
			buildActionMask = 2147483647;
			files = (
			);
			runOnlyForDeploymentPostprocessing = 0;
		};
		65F17A6F27C0310900CD65FC /* Resources */ = {
			isa = PBXResourcesBuildPhase;
			buildActionMask = 2147483647;
			files = (
			);
			runOnlyForDeploymentPostprocessing = 0;
		};
/* End PBXResourcesBuildPhase section */

/* Begin PBXSourcesBuildPhase section */
		65F17A5427C0310900CD65FC /* Sources */ = {
			isa = PBXSourcesBuildPhase;
			buildActionMask = 2147483647;
			files = (
				65F17A7B27C0310900CD65FC /* ContentView.swift in Sources */,
				65F17AA327C0329800CD65FC /* ChangingPlotParameters.swift in Sources */,
				65F17A8E27C0315E00CD65FC /* SchrodingerSolver.swift in Sources */,
				65F17A9A27C0325B00CD65FC /* PlotDataClass.swift in Sources */,
				65F17A9D27C0326D00CD65FC /* CorePlot.swift in Sources */,
				65F17AA927C05B0D00CD65FC /* OneDPotentials.swift in Sources */,
				65F17AA027C0328700CD65FC /* CalculatePlotData.swift in Sources */,
				65F17A7927C0310900CD65FC /* _D_Schrodinger_EquationApp.swift in Sources */,
				65F17A9727C0324F00CD65FC /* PlotClass.swift in Sources */,
			);
			runOnlyForDeploymentPostprocessing = 0;
		};
		65F17A5A27C0310900CD65FC /* Sources */ = {
			isa = PBXSourcesBuildPhase;
			buildActionMask = 2147483647;
			files = (
				65F17A7C27C0310900CD65FC /* ContentView.swift in Sources */,
				65F17AA427C0329800CD65FC /* ChangingPlotParameters.swift in Sources */,
				65F17A8F27C0315E00CD65FC /* SchrodingerSolver.swift in Sources */,
				65F17A9B27C0325B00CD65FC /* PlotDataClass.swift in Sources */,
				65F17A9E27C0326D00CD65FC /* CorePlot.swift in Sources */,
				65F17AAA27C05B0D00CD65FC /* OneDPotentials.swift in Sources */,
				65F17AA127C0328700CD65FC /* CalculatePlotData.swift in Sources */,
				65F17A7A27C0310900CD65FC /* _D_Schrodinger_EquationApp.swift in Sources */,
				65F17A9827C0324F00CD65FC /* PlotClass.swift in Sources */,
			);
			runOnlyForDeploymentPostprocessing = 0;
		};
		65F17A6127C0310900CD65FC /* Sources */ = {
			isa = PBXSourcesBuildPhase;
			buildActionMask = 2147483647;
			files = (
				65F17A6C27C0310900CD65FC /* Tests_iOSLaunchTests.swift in Sources */,
				65F17A6A27C0310900CD65FC /* Tests_iOS.swift in Sources */,
			);
			runOnlyForDeploymentPostprocessing = 0;
		};
		65F17A6D27C0310900CD65FC /* Sources */ = {
			isa = PBXSourcesBuildPhase;
			buildActionMask = 2147483647;
			files = (
				65F17A7827C0310900CD65FC /* Tests_macOSLaunchTests.swift in Sources */,
				65F17A7627C0310900CD65FC /* Tests_macOS.swift in Sources */,
			);
			runOnlyForDeploymentPostprocessing = 0;
		};
/* End PBXSourcesBuildPhase section */

/* Begin PBXTargetDependency section */
		65F17A6727C0310900CD65FC /* PBXTargetDependency */ = {
			isa = PBXTargetDependency;
			target = 65F17A5727C0310900CD65FC /* 1D-Schrodinger-Equation (iOS) */;
			targetProxy = 65F17A6627C0310900CD65FC /* PBXContainerItemProxy */;
		};
		65F17A7327C0310900CD65FC /* PBXTargetDependency */ = {
			isa = PBXTargetDependency;
			target = 65F17A5D27C0310900CD65FC /* 1D-Schrodinger-Equation (macOS) */;
			targetProxy = 65F17A7227C0310900CD65FC /* PBXContainerItemProxy */;
		};
/* End PBXTargetDependency section */

/* Begin XCBuildConfiguration section */
		65F17A7F27C0310900CD65FC /* Debug */ = {
			isa = XCBuildConfiguration;
			buildSettings = {
				ALWAYS_SEARCH_USER_PATHS = NO;
				CLANG_ANALYZER_NONNULL = YES;
				CLANG_ANALYZER_NUMBER_OBJECT_CONVERSION = YES_AGGRESSIVE;
				CLANG_CXX_LANGUAGE_STANDARD = "gnu++17";
				CLANG_CXX_LIBRARY = "libc++";
				CLANG_ENABLE_MODULES = YES;
				CLANG_ENABLE_OBJC_ARC = YES;
				CLANG_ENABLE_OBJC_WEAK = YES;
				CLANG_WARN_BLOCK_CAPTURE_AUTORELEASING = YES;
				CLANG_WARN_BOOL_CONVERSION = YES;
				CLANG_WARN_COMMA = YES;
				CLANG_WARN_CONSTANT_CONVERSION = YES;
				CLANG_WARN_DEPRECATED_OBJC_IMPLEMENTATIONS = YES;
				CLANG_WARN_DIRECT_OBJC_ISA_USAGE = YES_ERROR;
				CLANG_WARN_DOCUMENTATION_COMMENTS = YES;
				CLANG_WARN_EMPTY_BODY = YES;
				CLANG_WARN_ENUM_CONVERSION = YES;
				CLANG_WARN_INFINITE_RECURSION = YES;
				CLANG_WARN_INT_CONVERSION = YES;
				CLANG_WARN_NON_LITERAL_NULL_CONVERSION = YES;
				CLANG_WARN_OBJC_IMPLICIT_RETAIN_SELF = YES;
				CLANG_WARN_OBJC_LITERAL_CONVERSION = YES;
				CLANG_WARN_OBJC_ROOT_CLASS = YES_ERROR;
				CLANG_WARN_QUOTED_INCLUDE_IN_FRAMEWORK_HEADER = YES;
				CLANG_WARN_RANGE_LOOP_ANALYSIS = YES;
				CLANG_WARN_STRICT_PROTOTYPES = YES;
				CLANG_WARN_SUSPICIOUS_MOVE = YES;
				CLANG_WARN_UNGUARDED_AVAILABILITY = YES_AGGRESSIVE;
				CLANG_WARN_UNREACHABLE_CODE = YES;
				CLANG_WARN__DUPLICATE_METHOD_MATCH = YES;
				COPY_PHASE_STRIP = NO;
				DEBUG_INFORMATION_FORMAT = dwarf;
				ENABLE_STRICT_OBJC_MSGSEND = YES;
				ENABLE_TESTABILITY = YES;
				GCC_C_LANGUAGE_STANDARD = gnu11;
				GCC_DYNAMIC_NO_PIC = NO;
				GCC_NO_COMMON_BLOCKS = YES;
				GCC_OPTIMIZATION_LEVEL = 0;
				GCC_PREPROCESSOR_DEFINITIONS = (
					"DEBUG=1",
					"$(inherited)",
				);
				GCC_WARN_64_TO_32_BIT_CONVERSION = YES;
				GCC_WARN_ABOUT_RETURN_TYPE = YES_ERROR;
				GCC_WARN_UNDECLARED_SELECTOR = YES;
				GCC_WARN_UNINITIALIZED_AUTOS = YES_AGGRESSIVE;
				GCC_WARN_UNUSED_FUNCTION = YES;
				GCC_WARN_UNUSED_VARIABLE = YES;
				MTL_ENABLE_DEBUG_INFO = INCLUDE_SOURCE;
				MTL_FAST_MATH = YES;
				ONLY_ACTIVE_ARCH = YES;
				SWIFT_ACTIVE_COMPILATION_CONDITIONS = DEBUG;
				SWIFT_OPTIMIZATION_LEVEL = "-Onone";
			};
			name = Debug;
		};
		65F17A8027C0310900CD65FC /* Release */ = {
			isa = XCBuildConfiguration;
			buildSettings = {
				ALWAYS_SEARCH_USER_PATHS = NO;
				CLANG_ANALYZER_NONNULL = YES;
				CLANG_ANALYZER_NUMBER_OBJECT_CONVERSION = YES_AGGRESSIVE;
				CLANG_CXX_LANGUAGE_STANDARD = "gnu++17";
				CLANG_CXX_LIBRARY = "libc++";
				CLANG_ENABLE_MODULES = YES;
				CLANG_ENABLE_OBJC_ARC = YES;
				CLANG_ENABLE_OBJC_WEAK = YES;
				CLANG_WARN_BLOCK_CAPTURE_AUTORELEASING = YES;
				CLANG_WARN_BOOL_CONVERSION = YES;
				CLANG_WARN_COMMA = YES;
				CLANG_WARN_CONSTANT_CONVERSION = YES;
				CLANG_WARN_DEPRECATED_OBJC_IMPLEMENTATIONS = YES;
				CLANG_WARN_DIRECT_OBJC_ISA_USAGE = YES_ERROR;
				CLANG_WARN_DOCUMENTATION_COMMENTS = YES;
				CLANG_WARN_EMPTY_BODY = YES;
				CLANG_WARN_ENUM_CONVERSION = YES;
				CLANG_WARN_INFINITE_RECURSION = YES;
				CLANG_WARN_INT_CONVERSION = YES;
				CLANG_WARN_NON_LITERAL_NULL_CONVERSION = YES;
				CLANG_WARN_OBJC_IMPLICIT_RETAIN_SELF = YES;
				CLANG_WARN_OBJC_LITERAL_CONVERSION = YES;
				CLANG_WARN_OBJC_ROOT_CLASS = YES_ERROR;
				CLANG_WARN_QUOTED_INCLUDE_IN_FRAMEWORK_HEADER = YES;
				CLANG_WARN_RANGE_LOOP_ANALYSIS = YES;
				CLANG_WARN_STRICT_PROTOTYPES = YES;
				CLANG_WARN_SUSPICIOUS_MOVE = YES;
				CLANG_WARN_UNGUARDED_AVAILABILITY = YES_AGGRESSIVE;
				CLANG_WARN_UNREACHABLE_CODE = YES;
				CLANG_WARN__DUPLICATE_METHOD_MATCH = YES;
				COPY_PHASE_STRIP = NO;
				DEBUG_INFORMATION_FORMAT = "dwarf-with-dsym";
				ENABLE_NS_ASSERTIONS = NO;
				ENABLE_STRICT_OBJC_MSGSEND = YES;
				GCC_C_LANGUAGE_STANDARD = gnu11;
				GCC_NO_COMMON_BLOCKS = YES;
				GCC_WARN_64_TO_32_BIT_CONVERSION = YES;
				GCC_WARN_ABOUT_RETURN_TYPE = YES_ERROR;
				GCC_WARN_UNDECLARED_SELECTOR = YES;
				GCC_WARN_UNINITIALIZED_AUTOS = YES_AGGRESSIVE;
				GCC_WARN_UNUSED_FUNCTION = YES;
				GCC_WARN_UNUSED_VARIABLE = YES;
				MTL_ENABLE_DEBUG_INFO = NO;
				MTL_FAST_MATH = YES;
				SWIFT_COMPILATION_MODE = wholemodule;
				SWIFT_OPTIMIZATION_LEVEL = "-O";
			};
			name = Release;
		};
		65F17A8227C0310900CD65FC /* Debug */ = {
			isa = XCBuildConfiguration;
			buildSettings = {
				ASSETCATALOG_COMPILER_APPICON_NAME = AppIcon;
				ASSETCATALOG_COMPILER_GLOBAL_ACCENT_COLOR_NAME = AccentColor;
				CODE_SIGN_STYLE = Automatic;
				CURRENT_PROJECT_VERSION = 1;
				DEVELOPMENT_TEAM = V2AC9R5899;
				ENABLE_PREVIEWS = YES;
				GENERATE_INFOPLIST_FILE = YES;
				INFOPLIST_KEY_UIApplicationSceneManifest_Generation = YES;
				INFOPLIST_KEY_UIApplicationSupportsIndirectInputEvents = YES;
				INFOPLIST_KEY_UILaunchScreen_Generation = YES;
				INFOPLIST_KEY_UISupportedInterfaceOrientations_iPad = "UIInterfaceOrientationPortrait UIInterfaceOrientationPortraitUpsideDown UIInterfaceOrientationLandscapeLeft UIInterfaceOrientationLandscapeRight";
				INFOPLIST_KEY_UISupportedInterfaceOrientations_iPhone = "UIInterfaceOrientationPortrait UIInterfaceOrientationLandscapeLeft UIInterfaceOrientationLandscapeRight";
				IPHONEOS_DEPLOYMENT_TARGET = 15.2;
				LD_RUNPATH_SEARCH_PATHS = (
					"$(inherited)",
					"@executable_path/Frameworks",
				);
				MARKETING_VERSION = 1.0;
				PRODUCT_BUNDLE_IDENTIFIER = "IIT.-D-Schrodinger-Equation";
				PRODUCT_NAME = "1D-Schrodinger-Equation";
				SDKROOT = iphoneos;
				SWIFT_EMIT_LOC_STRINGS = YES;
				SWIFT_VERSION = 5.0;
				TARGETED_DEVICE_FAMILY = "1,2";
			};
			name = Debug;
		};
		65F17A8327C0310900CD65FC /* Release */ = {
			isa = XCBuildConfiguration;
			buildSettings = {
				ASSETCATALOG_COMPILER_APPICON_NAME = AppIcon;
				ASSETCATALOG_COMPILER_GLOBAL_ACCENT_COLOR_NAME = AccentColor;
				CODE_SIGN_STYLE = Automatic;
				CURRENT_PROJECT_VERSION = 1;
				DEVELOPMENT_TEAM = V2AC9R5899;
				ENABLE_PREVIEWS = YES;
				GENERATE_INFOPLIST_FILE = YES;
				INFOPLIST_KEY_UIApplicationSceneManifest_Generation = YES;
				INFOPLIST_KEY_UIApplicationSupportsIndirectInputEvents = YES;
				INFOPLIST_KEY_UILaunchScreen_Generation = YES;
				INFOPLIST_KEY_UISupportedInterfaceOrientations_iPad = "UIInterfaceOrientationPortrait UIInterfaceOrientationPortraitUpsideDown UIInterfaceOrientationLandscapeLeft UIInterfaceOrientationLandscapeRight";
				INFOPLIST_KEY_UISupportedInterfaceOrientations_iPhone = "UIInterfaceOrientationPortrait UIInterfaceOrientationLandscapeLeft UIInterfaceOrientationLandscapeRight";
				IPHONEOS_DEPLOYMENT_TARGET = 15.2;
				LD_RUNPATH_SEARCH_PATHS = (
					"$(inherited)",
					"@executable_path/Frameworks",
				);
				MARKETING_VERSION = 1.0;
				PRODUCT_BUNDLE_IDENTIFIER = "IIT.-D-Schrodinger-Equation";
				PRODUCT_NAME = "1D-Schrodinger-Equation";
				SDKROOT = iphoneos;
				SWIFT_EMIT_LOC_STRINGS = YES;
				SWIFT_VERSION = 5.0;
				TARGETED_DEVICE_FAMILY = "1,2";
				VALIDATE_PRODUCT = YES;
			};
			name = Release;
		};
		65F17A8527C0310900CD65FC /* Debug */ = {
			isa = XCBuildConfiguration;
			buildSettings = {
				ASSETCATALOG_COMPILER_APPICON_NAME = AppIcon;
				ASSETCATALOG_COMPILER_GLOBAL_ACCENT_COLOR_NAME = AccentColor;
				CODE_SIGN_ENTITLEMENTS = macOS/macOS.entitlements;
				CODE_SIGN_STYLE = Automatic;
				COMBINE_HIDPI_IMAGES = YES;
				CURRENT_PROJECT_VERSION = 1;
				DEVELOPMENT_TEAM = V2AC9R5899;
				ENABLE_HARDENED_RUNTIME = YES;
				ENABLE_PREVIEWS = YES;
				GENERATE_INFOPLIST_FILE = YES;
				INFOPLIST_KEY_NSHumanReadableCopyright = "";
				LD_RUNPATH_SEARCH_PATHS = (
					"$(inherited)",
					"@executable_path/../Frameworks",
				);
				MACOSX_DEPLOYMENT_TARGET = 12.1;
				MARKETING_VERSION = 1.0;
				PRODUCT_BUNDLE_IDENTIFIER = "IIT.-D-Schrodinger-Equation";
				PRODUCT_NAME = "1D-Schrodinger-Equation";
				SDKROOT = macosx;
				SWIFT_EMIT_LOC_STRINGS = YES;
				SWIFT_VERSION = 5.0;
			};
			name = Debug;
		};
		65F17A8627C0310900CD65FC /* Release */ = {
			isa = XCBuildConfiguration;
			buildSettings = {
				ASSETCATALOG_COMPILER_APPICON_NAME = AppIcon;
				ASSETCATALOG_COMPILER_GLOBAL_ACCENT_COLOR_NAME = AccentColor;
				CODE_SIGN_ENTITLEMENTS = macOS/macOS.entitlements;
				CODE_SIGN_STYLE = Automatic;
				COMBINE_HIDPI_IMAGES = YES;
				CURRENT_PROJECT_VERSION = 1;
				DEVELOPMENT_TEAM = V2AC9R5899;
				ENABLE_HARDENED_RUNTIME = YES;
				ENABLE_PREVIEWS = YES;
				GENERATE_INFOPLIST_FILE = YES;
				INFOPLIST_KEY_NSHumanReadableCopyright = "";
				LD_RUNPATH_SEARCH_PATHS = (
					"$(inherited)",
					"@executable_path/../Frameworks",
				);
				MACOSX_DEPLOYMENT_TARGET = 12.1;
				MARKETING_VERSION = 1.0;
				PRODUCT_BUNDLE_IDENTIFIER = "IIT.-D-Schrodinger-Equation";
				PRODUCT_NAME = "1D-Schrodinger-Equation";
				SDKROOT = macosx;
				SWIFT_EMIT_LOC_STRINGS = YES;
				SWIFT_VERSION = 5.0;
			};
			name = Release;
		};
		65F17A8827C0310900CD65FC /* Debug */ = {
			isa = XCBuildConfiguration;
			buildSettings = {
				ALWAYS_EMBED_SWIFT_STANDARD_LIBRARIES = YES;
				CODE_SIGN_STYLE = Automatic;
				CURRENT_PROJECT_VERSION = 1;
				DEVELOPMENT_TEAM = V2AC9R5899;
				GENERATE_INFOPLIST_FILE = YES;
				IPHONEOS_DEPLOYMENT_TARGET = 15.2;
				MARKETING_VERSION = 1.0;
				PRODUCT_BUNDLE_IDENTIFIER = "IIT.Tests-iOS";
				PRODUCT_NAME = "$(TARGET_NAME)";
				SDKROOT = iphoneos;
				SWIFT_EMIT_LOC_STRINGS = NO;
				SWIFT_VERSION = 5.0;
				TARGETED_DEVICE_FAMILY = "1,2";
				TEST_TARGET_NAME = "1D-Schrodinger-Equation (iOS)";
			};
			name = Debug;
		};
		65F17A8927C0310900CD65FC /* Release */ = {
			isa = XCBuildConfiguration;
			buildSettings = {
				ALWAYS_EMBED_SWIFT_STANDARD_LIBRARIES = YES;
				CODE_SIGN_STYLE = Automatic;
				CURRENT_PROJECT_VERSION = 1;
				DEVELOPMENT_TEAM = V2AC9R5899;
				GENERATE_INFOPLIST_FILE = YES;
				IPHONEOS_DEPLOYMENT_TARGET = 15.2;
				MARKETING_VERSION = 1.0;
				PRODUCT_BUNDLE_IDENTIFIER = "IIT.Tests-iOS";
				PRODUCT_NAME = "$(TARGET_NAME)";
				SDKROOT = iphoneos;
				SWIFT_EMIT_LOC_STRINGS = NO;
				SWIFT_VERSION = 5.0;
				TARGETED_DEVICE_FAMILY = "1,2";
				TEST_TARGET_NAME = "1D-Schrodinger-Equation (iOS)";
				VALIDATE_PRODUCT = YES;
			};
			name = Release;
		};
		65F17A8B27C0310900CD65FC /* Debug */ = {
			isa = XCBuildConfiguration;
			buildSettings = {
				ALWAYS_EMBED_SWIFT_STANDARD_LIBRARIES = YES;
				CODE_SIGN_STYLE = Automatic;
				CURRENT_PROJECT_VERSION = 1;
				DEVELOPMENT_TEAM = V2AC9R5899;
				GENERATE_INFOPLIST_FILE = YES;
				MACOSX_DEPLOYMENT_TARGET = 12.1;
				MARKETING_VERSION = 1.0;
				PRODUCT_BUNDLE_IDENTIFIER = "IIT.Tests-macOS";
				PRODUCT_NAME = "$(TARGET_NAME)";
				SDKROOT = macosx;
				SWIFT_EMIT_LOC_STRINGS = NO;
				SWIFT_VERSION = 5.0;
				TEST_TARGET_NAME = "1D-Schrodinger-Equation (macOS)";
			};
			name = Debug;
		};
		65F17A8C27C0310900CD65FC /* Release */ = {
			isa = XCBuildConfiguration;
			buildSettings = {
				ALWAYS_EMBED_SWIFT_STANDARD_LIBRARIES = YES;
				CODE_SIGN_STYLE = Automatic;
				CURRENT_PROJECT_VERSION = 1;
				DEVELOPMENT_TEAM = V2AC9R5899;
				GENERATE_INFOPLIST_FILE = YES;
				MACOSX_DEPLOYMENT_TARGET = 12.1;
				MARKETING_VERSION = 1.0;
				PRODUCT_BUNDLE_IDENTIFIER = "IIT.Tests-macOS";
				PRODUCT_NAME = "$(TARGET_NAME)";
				SDKROOT = macosx;
				SWIFT_EMIT_LOC_STRINGS = NO;
				SWIFT_VERSION = 5.0;
				TEST_TARGET_NAME = "1D-Schrodinger-Equation (macOS)";
			};
			name = Release;
		};
/* End XCBuildConfiguration section */

/* Begin XCConfigurationList section */
		65F17A4F27C0310700CD65FC /* Build configuration list for PBXProject "1D-Schrodinger-Equation" */ = {
			isa = XCConfigurationList;
			buildConfigurations = (
				65F17A7F27C0310900CD65FC /* Debug */,
				65F17A8027C0310900CD65FC /* Release */,
			);
			defaultConfigurationIsVisible = 0;
			defaultConfigurationName = Release;
		};
		65F17A8127C0310900CD65FC /* Build configuration list for PBXNativeTarget "1D-Schrodinger-Equation (iOS)" */ = {
			isa = XCConfigurationList;
			buildConfigurations = (
				65F17A8227C0310900CD65FC /* Debug */,
				65F17A8327C0310900CD65FC /* Release */,
			);
			defaultConfigurationIsVisible = 0;
			defaultConfigurationName = Release;
		};
		65F17A8427C0310900CD65FC /* Build configuration list for PBXNativeTarget "1D-Schrodinger-Equation (macOS)" */ = {
			isa = XCConfigurationList;
			buildConfigurations = (
				65F17A8527C0310900CD65FC /* Debug */,
				65F17A8627C0310900CD65FC /* Release */,
			);
			defaultConfigurationIsVisible = 0;
			defaultConfigurationName = Release;
		};
		65F17A8727C0310900CD65FC /* Build configuration list for PBXNativeTarget "Tests iOS" */ = {
			isa = XCConfigurationList;
			buildConfigurations = (
				65F17A8827C0310900CD65FC /* Debug */,
				65F17A8927C0310900CD65FC /* Release */,
			);
			defaultConfigurationIsVisible = 0;
			defaultConfigurationName = Release;
		};
		65F17A8A27C0310900CD65FC /* Build configuration list for PBXNativeTarget "Tests macOS" */ = {
			isa = XCConfigurationList;
			buildConfigurations = (
				65F17A8B27C0310900CD65FC /* Debug */,
				65F17A8C27C0310900CD65FC /* Release */,
			);
			defaultConfigurationIsVisible = 0;
			defaultConfigurationName = Release;
		};
/* End XCConfigurationList section */

/* Begin XCRemoteSwiftPackageReference section */
		65F17A9027C031DF00CD65FC /* XCRemoteSwiftPackageReference "core-plot" */ = {
			isa = XCRemoteSwiftPackageReference;
			repositoryURL = "https://github.com/core-plot/core-plot";
			requirement = {
				branch = "release-2.4";
				kind = branch;
			};
		};
/* End XCRemoteSwiftPackageReference section */

/* Begin XCSwiftPackageProductDependency section */
		65F17A9127C031DF00CD65FC /* CorePlot */ = {
			isa = XCSwiftPackageProductDependency;
			package = 65F17A9027C031DF00CD65FC /* XCRemoteSwiftPackageReference "core-plot" */;
			productName = CorePlot;
		};
		65F17A9427C031EA00CD65FC /* CorePlot */ = {
			isa = XCSwiftPackageProductDependency;
			package = 65F17A9027C031DF00CD65FC /* XCRemoteSwiftPackageReference "core-plot" */;
			productName = CorePlot;
		};
/* End XCSwiftPackageProductDependency section */
	};
	rootObject = 65F17A4C27C0310700CD65FC /* Project object */;
}
